
Microsoft Visual Studio Solution File, Format Version 12.00
# Visual Studio 15
VisualStudioVersion = 15.0.28010.2046
MinimumVisualStudioVersion = 10.0.40219.1
Project("{FAE04EC0-301F-11D3-BF4B-00C04F79EFBC}") = "HelpNutrizionista", "HelpNutrizionista\HelpNutrizionista.csproj", "{4F87E1D6-CC9C-4B29-9700-C8A79FA14437}"
EndProject
Global
	GlobalSection(SolutionConfigurationPlatforms) = preSolution
		Debug|Any CPU = Debug|Any CPU
		Release|Any CPU = Release|Any CPU
	EndGlobalSection
	GlobalSection(ProjectConfigurationPlatforms) = postSolution
		{4F87E1D6-CC9C-4B29-9700-C8A79FA14437}.Debug|Any CPU.ActiveCfg = Debug|Any CPU
		{4F87E1D6-CC9C-4B29-9700-C8A79FA14437}.Debug|Any CPU.Build.0 = Debug|Any CPU
		{4F87E1D6-CC9C-4B29-9700-C8A79FA14437}.Release|Any CPU.ActiveCfg = Release|Any CPU
		{4F87E1D6-CC9C-4B29-9700-C8A79FA14437}.Release|Any CPU.Build.0 = Release|Any CPU
	EndGlobalSection
	GlobalSection(SolutionProperties) = preSolution
		HideSolutionNode = FALSE
	EndGlobalSection
	GlobalSection(ExtensibilityGlobals) = postSolution
		SolutionGuid = {CEF54798-C262-4D74-917C-782BDD78CE26}
	EndGlobalSection
EndGlobal
